// !$*UTF8*$!
{
	archiveVersion = 1;
	classes = {};
	objectVersion = 77;
	objects = {

/* Begin PBXBuildFile section */
		A10000000000000000000001 /* LiveReloadApp.swift in Sources */ = {isa = PBXBuildFile; fileRef = A20000000000000000000001 /* LiveReloadApp.swift */; };
		A10000000000000000000002 /* LiveReloadAppTests.swift in Sources */ = {isa = PBXBuildFile; fileRef = A20000000000000000000002 /* LiveReloadAppTests.swift */; };
		A10000000000000000000003 /* LiveReloadAppUITests.swift in Sources */ = {isa = PBXBuildFile; fileRef = A20000000000000000000003 /* LiveReloadAppUITests.swift */; };
		A10000000000000000000004 /* LiveReloadCore in Frameworks */ = {isa = PBXBuildFile; productRef = A90000000000000000000001 /* LiveReloadCore */; };
		C10000000000000000000001 /* AppModel.swift in Sources */ = {isa = PBXBuildFile; fileRef = C20000000000000000000001 /* AppModel.swift */; };
		C10000000000000000000002 /* SecurityScopedBookmarkProvider.swift in Sources */ = {isa = PBXBuildFile; fileRef = C20000000000000000000002 /* SecurityScopedBookmarkProvider.swift */; };
		C10000000000000000000003 /* FolderPicker.swift in Sources */ = {isa = PBXBuildFile; fileRef = C20000000000000000000003 /* FolderPicker.swift */; };
		C10000000000000000000004 /* AppLogger.swift in Sources */ = {isa = PBXBuildFile; fileRef = C20000000000000000000004 /* AppLogger.swift */; };
		C10000000000000000000005 /* ProjectViews.swift in Sources */ = {isa = PBXBuildFile; fileRef = C20000000000000000000005 /* ProjectViews.swift */; };
		C10000000000000000000008 /* ReloadLoopRuntimeService.swift in Sources */ = {isa = PBXBuildFile; fileRef = C20000000000000000000008 /* ReloadLoopRuntimeService.swift */; };
		C10000000000000000000009 /* ProjectRuntimeViews.swift in Sources */ = {isa = PBXBuildFile; fileRef = C20000000000000000000009 /* ProjectRuntimeViews.swift */; };
/* End PBXBuildFile section */

/* Begin PBXContainerItemProxy section */
		A30000000000000000000001 /* PBXContainerItemProxy */ = {
			isa = PBXContainerItemProxy;
			containerPortal = A70000000000000000000001 /* Project object */;
			proxyType = 1;
			remoteGlobalIDString = A60000000000000000000001;
			remoteInfo = LiveReloadApp;
		};
		A30000000000000000000002 /* PBXContainerItemProxy */ = {
			isa = PBXContainerItemProxy;
			containerPortal = A70000000000000000000001 /* Project object */;
			proxyType = 1;
			remoteGlobalIDString = A60000000000000000000001;
			remoteInfo = LiveReloadApp;
		};
/* End PBXContainerItemProxy section */

/* Begin PBXFileReference section */
		A20000000000000000000001 /* LiveReloadApp.swift */ = {isa = PBXFileReference; lastKnownFileType = sourcecode.swift; path = LiveReloadApp.swift; sourceTree = "<group>"; };
		A20000000000000000000002 /* LiveReloadAppTests.swift */ = {isa = PBXFileReference; lastKnownFileType = sourcecode.swift; path = LiveReloadAppTests.swift; sourceTree = "<group>"; };
		A20000000000000000000003 /* LiveReloadAppUITests.swift */ = {isa = PBXFileReference; lastKnownFileType = sourcecode.swift; path = LiveReloadAppUITests.swift; sourceTree = "<group>"; };
		A20000000000000000000004 /* LiveReloadApp.app */ = {isa = PBXFileReference; explicitFileType = wrapper.application; includeInIndex = 0; path = LiveReloadApp.app; sourceTree = BUILT_PRODUCTS_DIR; };
		A20000000000000000000005 /* LiveReloadAppTests.xctest */ = {isa = PBXFileReference; explicitFileType = wrapper.cfbundle; includeInIndex = 0; path = LiveReloadAppTests.xctest; sourceTree = BUILT_PRODUCTS_DIR; };
		A20000000000000000000006 /* LiveReloadAppUITests.xctest */ = {isa = PBXFileReference; explicitFileType = wrapper.cfbundle; includeInIndex = 0; path = LiveReloadAppUITests.xctest; sourceTree = BUILT_PRODUCTS_DIR; };
		A20000000000000000000007 /* LiveReload.xctestplan */ = {isa = PBXFileReference; lastKnownFileType = text; path = LiveReload.xctestplan; sourceTree = "<group>"; };
		C20000000000000000000001 /* AppModel.swift */ = {isa = PBXFileReference; lastKnownFileType = sourcecode.swift; path = AppModel.swift; sourceTree = "<group>"; };
		C20000000000000000000002 /* SecurityScopedBookmarkProvider.swift */ = {isa = PBXFileReference; lastKnownFileType = sourcecode.swift; path = SecurityScopedBookmarkProvider.swift; sourceTree = "<group>"; };
		C20000000000000000000003 /* FolderPicker.swift */ = {isa = PBXFileReference; lastKnownFileType = sourcecode.swift; path = FolderPicker.swift; sourceTree = "<group>"; };
		C20000000000000000000004 /* AppLogger.swift */ = {isa = PBXFileReference; lastKnownFileType = sourcecode.swift; path = AppLogger.swift; sourceTree = "<group>"; };
		C20000000000000000000005 /* ProjectViews.swift */ = {isa = PBXFileReference; lastKnownFileType = sourcecode.swift; path = ProjectViews.swift; sourceTree = "<group>"; };
		C20000000000000000000006 /* ProjectLifecycleCopy.md */ = {isa = PBXFileReference; lastKnownFileType = net.daringfireball.markdown; path = ProjectLifecycleCopy.md; sourceTree = "<group>"; };
		C20000000000000000000007 /* Version.xcconfig */ = {isa = PBXFileReference; lastKnownFileType = text.xcconfig; path = Version.xcconfig; sourceTree = "<group>"; };
		C20000000000000000000008 /* ReloadLoopRuntimeService.swift */ = {isa = PBXFileReference; lastKnownFileType = sourcecode.swift; path = ReloadLoopRuntimeService.swift; sourceTree = "<group>"; };
		C20000000000000000000009 /* ProjectRuntimeViews.swift */ = {isa = PBXFileReference; lastKnownFileType = sourcecode.swift; path = ProjectRuntimeViews.swift; sourceTree = "<group>"; };
/* End PBXFileReference section */

/* Begin PBXFrameworksBuildPhase section */
		A40000000000000000000001 /* Frameworks */ = {isa = PBXFrameworksBuildPhase; buildActionMask = 2147483647; files = (A10000000000000000000004 /* LiveReloadCore in Frameworks */,); runOnlyForDeploymentPostprocessing = 0; };
		A40000000000000000000002 /* Frameworks */ = {isa = PBXFrameworksBuildPhase; buildActionMask = 2147483647; files = (); runOnlyForDeploymentPostprocessing = 0; };
		A40000000000000000000003 /* Frameworks */ = {isa = PBXFrameworksBuildPhase; buildActionMask = 2147483647; files = (); runOnlyForDeploymentPostprocessing = 0; };
/* End PBXFrameworksBuildPhase section */

/* Begin PBXGroup section */
		A50000000000000000000001 = {
			isa = PBXGroup;
			children = (
				C20000000000000000000007 /* Version.xcconfig */,
				A50000000000000000000002 /* LiveReloadApp */,
				A50000000000000000000003 /* LiveReloadAppTests */,
				A50000000000000000000004 /* LiveReloadAppUITests */,
				A20000000000000000000007 /* LiveReload.xctestplan */,
				A50000000000000000000005 /* Products */,
			);
			sourceTree = "<group>";
		};
		A50000000000000000000002 /* LiveReloadApp */ = {isa = PBXGroup; children = (A20000000000000000000001 /* LiveReloadApp.swift */, C20000000000000000000001 /* AppModel.swift */, C50000000000000000000001 /* Services */, C50000000000000000000002 /* Bridges */, C50000000000000000000003 /* Diagnostics */, C50000000000000000000004 /* Views */, C50000000000000000000005 /* Resources */,); path = LiveReloadApp; sourceTree = "<group>"; };
		A50000000000000000000003 /* LiveReloadAppTests */ = {isa = PBXGroup; children = (A20000000000000000000002 /* LiveReloadAppTests.swift */,); path = LiveReloadAppTests; sourceTree = "<group>"; };
		A50000000000000000000004 /* LiveReloadAppUITests */ = {isa = PBXGroup; children = (A20000000000000000000003 /* LiveReloadAppUITests.swift */,); path = LiveReloadAppUITests; sourceTree = "<group>"; };
		A50000000000000000000005 /* Products */ = {isa = PBXGroup; children = (A20000000000000000000004 /* LiveReloadApp.app */, A20000000000000000000005 /* LiveReloadAppTests.xctest */, A20000000000000000000006 /* LiveReloadAppUITests.xctest */,); name = Products; sourceTree = "<group>"; };
		C50000000000000000000001 /* Services */ = {isa = PBXGroup; children = (C20000000000000000000002 /* SecurityScopedBookmarkProvider.swift */, C20000000000000000000008 /* ReloadLoopRuntimeService.swift */,); path = Services; sourceTree = "<group>"; };
		C50000000000000000000002 /* Bridges */ = {isa = PBXGroup; children = (C20000000000000000000003 /* FolderPicker.swift */,); path = Bridges; sourceTree = "<group>"; };
		C50000000000000000000003 /* Diagnostics */ = {isa = PBXGroup; children = (C20000000000000000000004 /* AppLogger.swift */,); path = Diagnostics; sourceTree = "<group>"; };
		C50000000000000000000004 /* Views */ = {isa = PBXGroup; children = (C20000000000000000000005 /* ProjectViews.swift */, C20000000000000000000009 /* ProjectRuntimeViews.swift */,); path = Views; sourceTree = "<group>"; };
		C50000000000000000000005 /* Resources */ = {isa = PBXGroup; children = (C20000000000000000000006 /* ProjectLifecycleCopy.md */,); path = Resources; sourceTree = "<group>"; };
/* End PBXGroup section */

/* Begin PBXNativeTarget section */
		A60000000000000000000001 /* LiveReloadApp */ = {
			isa = PBXNativeTarget;
			buildConfigurationList = AB0000000000000000000001 /* Build configuration list for PBXNativeTarget "LiveReloadApp" */;
			buildPhases = (A80000000000000000000001 /* Sources */, A40000000000000000000001 /* Frameworks */, A80000000000000000000004 /* Resources */,);
			buildRules = ();
			dependencies = ();
			name = LiveReloadApp;
			packageProductDependencies = (A90000000000000000000001 /* LiveReloadCore */,);
			productName = LiveReloadApp;
			productReference = A20000000000000000000004 /* LiveReloadApp.app */;
			productType = "com.apple.product-type.application";
		};
		A60000000000000000000002 /* LiveReloadAppTests */ = {
			isa = PBXNativeTarget;
			buildConfigurationList = AB0000000000000000000002 /* Build configuration list for PBXNativeTarget "LiveReloadAppTests" */;
			buildPhases = (A80000000000000000000002 /* Sources */, A40000000000000000000002 /* Frameworks */, A80000000000000000000005 /* Resources */,);
			buildRules = ();
			dependencies = (A80000000000000000000007 /* PBXTargetDependency */,);
			name = LiveReloadAppTests;
			productName = LiveReloadAppTests;
			productReference = A20000000000000000000005 /* LiveReloadAppTests.xctest */;
			productType = "com.apple.product-type.bundle.unit-test";
		};
		A60000000000000000000003 /* LiveReloadAppUITests */ = {
			isa = PBXNativeTarget;
			buildConfigurationList = AB0000000000000000000003 /* Build configuration list for PBXNativeTarget "LiveReloadAppUITests" */;
			buildPhases = (A80000000000000000000003 /* Sources */, A40000000000000000000003 /* Frameworks */, A80000000000000000000006 /* Resources */,);
			buildRules = ();
			dependencies = (A80000000000000000000008 /* PBXTargetDependency */,);
			name = LiveReloadAppUITests;
			productName = LiveReloadAppUITests;
			productReference = A20000000000000000000006 /* LiveReloadAppUITests.xctest */;
			productType = "com.apple.product-type.bundle.ui-testing";
		};
/* End PBXNativeTarget section */

/* Begin PBXProject section */
		A70000000000000000000001 /* Project object */ = {
			isa = PBXProject;
			attributes = {
				BuildIndependentTargetsInParallel = 1;
				LastSwiftUpdateCheck = 2630;
				LastUpgradeCheck = 2630;
				TargetAttributes = {
					A60000000000000000000001 = {CreatedOnToolsVersion = 26.3; };
					A60000000000000000000002 = {CreatedOnToolsVersion = 26.3; TestTargetID = A60000000000000000000001; };
					A60000000000000000000003 = {CreatedOnToolsVersion = 26.3; TestTargetID = A60000000000000000000001; };
				};
			};
			buildConfigurationList = AB0000000000000000000004 /* Build configuration list for PBXProject "LiveReload" */;
			compatibilityVersion = "Xcode 16.0";
			developmentRegion = en;
			hasScannedForEncodings = 0;
			knownRegions = (en, Base,);
			mainGroup = A50000000000000000000001;
			minimizedProjectReferenceProxies = 1;
			packageReferences = (A90000000000000000000002 /* XCLocalSwiftPackageReference "LiveReloadCore" */,);
			preferredProjectObjectVersion = 77;
			productRefGroup = A50000000000000000000005 /* Products */;
			projectDirPath = "";
			projectRoot = "";
			targets = (A60000000000000000000001 /* LiveReloadApp */, A60000000000000000000002 /* LiveReloadAppTests */, A60000000000000000000003 /* LiveReloadAppUITests */,);
		};
/* End PBXProject section */

/* Begin PBXResourcesBuildPhase section */
		A80000000000000000000004 /* Resources */ = {isa = PBXResourcesBuildPhase; buildActionMask = 2147483647; files = (); runOnlyForDeploymentPostprocessing = 0; };
		A80000000000000000000005 /* Resources */ = {isa = PBXResourcesBuildPhase; buildActionMask = 2147483647; files = (); runOnlyForDeploymentPostprocessing = 0; };
		A80000000000000000000006 /* Resources */ = {isa = PBXResourcesBuildPhase; buildActionMask = 2147483647; files = (); runOnlyForDeploymentPostprocessing = 0; };
/* End PBXResourcesBuildPhase section */

/* Begin PBXSourcesBuildPhase section */
		A80000000000000000000001 /* Sources */ = {isa = PBXSourcesBuildPhase; buildActionMask = 2147483647; files = (A10000000000000000000001 /* LiveReloadApp.swift in Sources */, C10000000000000000000001 /* AppModel.swift in Sources */, C10000000000000000000002 /* SecurityScopedBookmarkProvider.swift in Sources */, C10000000000000000000008 /* ReloadLoopRuntimeService.swift in Sources */, C10000000000000000000003 /* FolderPicker.swift in Sources */, C10000000000000000000004 /* AppLogger.swift in Sources */, C10000000000000000000005 /* ProjectViews.swift in Sources */, C10000000000000000000009 /* ProjectRuntimeViews.swift in Sources */,); runOnlyForDeploymentPostprocessing = 0; };
		A80000000000000000000002 /* Sources */ = {isa = PBXSourcesBuildPhase; buildActionMask = 2147483647; files = (A10000000000000000000002 /* LiveReloadAppTests.swift in Sources */,); runOnlyForDeploymentPostprocessing = 0; };
		A80000000000000000000003 /* Sources */ = {isa = PBXSourcesBuildPhase; buildActionMask = 2147483647; files = (A10000000000000000000003 /* LiveReloadAppUITests.swift in Sources */,); runOnlyForDeploymentPostprocessing = 0; };
/* End PBXSourcesBuildPhase section */

/* Begin PBXTargetDependency section */
		A80000000000000000000007 /* PBXTargetDependency */ = {isa = PBXTargetDependency; target = A60000000000000000000001 /* LiveReloadApp */; targetProxy = A30000000000000000000001 /* PBXContainerItemProxy */; };
		A80000000000000000000008 /* PBXTargetDependency */ = {isa = PBXTargetDependency; target = A60000000000000000000001 /* LiveReloadApp */; targetProxy = A30000000000000000000002 /* PBXContainerItemProxy */; };
/* End PBXTargetDependency section */

/* Begin XCBuildConfiguration section */
		AA0000000000000000000001 /* Debug */ = {isa = XCBuildConfiguration; buildSettings = {ALWAYS_SEARCH_USER_PATHS = NO; ARCHS = arm64; CLANG_WARN_DOCUMENTATION_COMMENTS = YES; ENABLE_TESTABILITY = YES; GCC_TREAT_WARNINGS_AS_ERRORS = YES; MACOSX_DEPLOYMENT_TARGET = 15.0; ONLY_ACTIVE_ARCH = YES; SWIFT_OPTIMIZATION_LEVEL = "-Onone"; SWIFT_STRICT_CONCURRENCY = complete; SWIFT_TREAT_WARNINGS_AS_ERRORS = YES; SWIFT_VERSION = 6.0; }; name = Debug; };
		AA0000000000000000000002 /* Release */ = {isa = XCBuildConfiguration; buildSettings = {ALWAYS_SEARCH_USER_PATHS = NO; ARCHS = arm64; CLANG_WARN_DOCUMENTATION_COMMENTS = YES; GCC_TREAT_WARNINGS_AS_ERRORS = YES; MACOSX_DEPLOYMENT_TARGET = 15.0; ONLY_ACTIVE_ARCH = NO; SWIFT_STRICT_CONCURRENCY = complete; SWIFT_TREAT_WARNINGS_AS_ERRORS = YES; SWIFT_VERSION = 6.0; }; name = Release; };
		AA0000000000000000000003 /* Debug */ = {isa = XCBuildConfiguration; baseConfigurationReference = C20000000000000000000007 /* Version.xcconfig */; buildSettings = {CODE_SIGN_IDENTITY = "-"; CODE_SIGN_STYLE = Manual; COMBINE_HIDPI_IMAGES = YES; ENABLE_HARDENED_RUNTIME = YES; GENERATE_INFOPLIST_FILE = YES; INFOPLIST_KEY_LSApplicationCategoryType = "public.app-category.developer-tools"; LD_RUNPATH_SEARCH_PATHS = "$(inherited) @executable_path/../Frameworks"; PRODUCT_BUNDLE_IDENTIFIER = com.peternicholls.LiveReload.Modern; PRODUCT_NAME = "$(TARGET_NAME)"; }; name = Debug; };
		AA0000000000000000000004 /* Release */ = {isa = XCBuildConfiguration; baseConfigurationReference = C20000000000000000000007 /* Version.xcconfig */; buildSettings = {CODE_SIGN_IDENTITY = "-"; CODE_SIGN_STYLE = Manual; COMBINE_HIDPI_IMAGES = YES; ENABLE_HARDENED_RUNTIME = YES; GENERATE_INFOPLIST_FILE = YES; INFOPLIST_KEY_LSApplicationCategoryType = "public.app-category.developer-tools"; LD_RUNPATH_SEARCH_PATHS = "$(inherited) @executable_path/../Frameworks"; PRODUCT_BUNDLE_IDENTIFIER = com.peternicholls.LiveReload.Modern; PRODUCT_NAME = "$(TARGET_NAME)"; }; name = Release; };
		AA0000000000000000000005 /* Debug */ = {isa = XCBuildConfiguration; buildSettings = {BUNDLE_LOADER = "$(TEST_HOST)"; CODE_SIGN_IDENTITY = "-"; CODE_SIGN_STYLE = Manual; GENERATE_INFOPLIST_FILE = YES; LD_RUNPATH_SEARCH_PATHS = "$(inherited) @executable_path/../Frameworks @loader_path/../Frameworks"; PRODUCT_BUNDLE_IDENTIFIER = com.peternicholls.LiveReload.ModernTests; PRODUCT_NAME = "$(TARGET_NAME)"; TEST_HOST = "$(BUILT_PRODUCTS_DIR)/LiveReloadApp.app/Contents/MacOS/LiveReloadApp"; }; name = Debug; };
		AA0000000000000000000006 /* Release */ = {isa = XCBuildConfiguration; buildSettings = {BUNDLE_LOADER = "$(TEST_HOST)"; CODE_SIGN_IDENTITY = "-"; CODE_SIGN_STYLE = Manual; GENERATE_INFOPLIST_FILE = YES; LD_RUNPATH_SEARCH_PATHS = "$(inherited) @executable_path/../Frameworks @loader_path/../Frameworks"; PRODUCT_BUNDLE_IDENTIFIER = com.peternicholls.LiveReload.ModernTests; PRODUCT_NAME = "$(TARGET_NAME)"; TEST_HOST = "$(BUILT_PRODUCTS_DIR)/LiveReloadApp.app/Contents/MacOS/LiveReloadApp"; }; name = Release; };
		AA0000000000000000000007 /* Debug */ = {isa = XCBuildConfiguration; buildSettings = {CODE_SIGN_IDENTITY = "-"; CODE_SIGN_STYLE = Manual; GENERATE_INFOPLIST_FILE = YES; PRODUCT_BUNDLE_IDENTIFIER = com.peternicholls.LiveReload.ModernUITests; PRODUCT_NAME = "$(TARGET_NAME)"; TEST_TARGET_NAME = LiveReloadApp; }; name = Debug; };
		AA0000000000000000000008 /* Release */ = {isa = XCBuildConfiguration; buildSettings = {CODE_SIGN_IDENTITY = "-"; CODE_SIGN_STYLE = Manual; GENERATE_INFOPLIST_FILE = YES; PRODUCT_BUNDLE_IDENTIFIER = com.peternicholls.LiveReload.ModernUITests; PRODUCT_NAME = "$(TARGET_NAME)"; TEST_TARGET_NAME = LiveReloadApp; }; name = Release; };
/* End XCBuildConfiguration section */

/* Begin XCConfigurationList section */
		AB0000000000000000000001 /* Build configuration list for PBXNativeTarget "LiveReloadApp" */ = {isa = XCConfigurationList; buildConfigurations = (AA0000000000000000000003 /* Debug */, AA0000000000000000000004 /* Release */,); defaultConfigurationIsVisible = 0; defaultConfigurationName = Release; };
		AB0000000000000000000002 /* Build configuration list for PBXNativeTarget "LiveReloadAppTests" */ = {isa = XCConfigurationList; buildConfigurations = (AA0000000000000000000005 /* Debug */, AA0000000000000000000006 /* Release */,); defaultConfigurationIsVisible = 0; defaultConfigurationName = Release; };
		AB0000000000000000000003 /* Build configuration list for PBXNativeTarget "LiveReloadAppUITests" */ = {isa = XCConfigurationList; buildConfigurations = (AA0000000000000000000007 /* Debug */, AA0000000000000000000008 /* Release */,); defaultConfigurationIsVisible = 0; defaultConfigurationName = Release; };
		AB0000000000000000000004 /* Build configuration list for PBXProject "LiveReload" */ = {isa = XCConfigurationList; buildConfigurations = (AA0000000000000000000001 /* Debug */, AA0000000000000000000002 /* Release */,); defaultConfigurationIsVisible = 0; defaultConfigurationName = Release; };
/* End XCConfigurationList section */

/* Begin XCLocalSwiftPackageReference section */
		A90000000000000000000002 /* XCLocalSwiftPackageReference "LiveReloadCore" */ = {isa = XCLocalSwiftPackageReference; relativePath = ../Packages/LiveReloadCore; };
/* End XCLocalSwiftPackageReference section */

/* Begin XCSwiftPackageProductDependency section */
		A90000000000000000000001 /* LiveReloadCore */ = {isa = XCSwiftPackageProductDependency; package = A90000000000000000000002 /* XCLocalSwiftPackageReference "LiveReloadCore" */; productName = LiveReloadCore; };
/* End XCSwiftPackageProductDependency section */
	};
	rootObject = A70000000000000000000001 /* Project object */;
}
